
Microsoft Visual Studio Solution File, Format Version 12.00
# Visual Studio Version 17
VisualStudioVersion = 17.3.32825.248
MinimumVisualStudioVersion = 10.0.40219.1
Project("{FAE04EC0-301F-11D3-BF4B-00C04F79EFBC}") = "Flaginator", "Flaginator.csproj", "{2F9C94A7-37E1-4CD2-B651-5A11ED05A0E3}"
EndProject
Global
	GlobalSection(SolutionConfigurationPlatforms) = preSolution
		Debug|Any CPU = Debug|Any CPU
		Release|Any CPU = Release|Any CPU
	EndGlobalSection
	GlobalSection(ProjectConfigurationPlatforms) = postSolution
		{2F9C94A7-37E1-4CD2-B651-5A11ED05A0E3}.Debug|Any CPU.ActiveCfg = Debug|Any CPU
		{2F9C94A7-37E1-4CD2-B651-5A11ED05A0E3}.Debug|Any CPU.Build.0 = Debug|Any CPU
		{2F9C94A7-37E1-4CD2-B651-5A11ED05A0E3}.Release|Any CPU.ActiveCfg = Release|Any CPU
		{2F9C94A7-37E1-4CD2-B651-5A11ED05A0E3}.Release|Any CPU.Build.0 = Release|Any CPU
	EndGlobalSection
	GlobalSection(SolutionProperties) = preSolution
		HideSolutionNode = FALSE
	EndGlobalSection
	GlobalSection(ExtensibilityGlobals) = postSolution
		SolutionGuid = {7851B6AF-0129-41EE-B56E-E3B8D99D62E7}
	EndGlobalSection
EndGlobal
